// !$*UTF8*$!
{
	archiveVersion = 1;
	classes = {
	};
	objectVersion = 56;
	objects = {

/* Begin PBXBuildFile section */
		CE4184912C57F726003A8CF6 /* WeatherViewModel.swift in Sources */ = {isa = PBXBuildFile; fileRef = CE4184902C57F726003A8CF6 /* WeatherViewModel.swift */; };
		CE4184932C580998003A8CF6 /* WeatherView.swift in Sources */ = {isa = PBXBuildFile; fileRef = CE4184922C580998003A8CF6 /* WeatherView.swift */; };
		CE55FDED2C581F6F00053D32 /* ForecastResponse.swift in Sources */ = {isa = PBXBuildFile; fileRef = CE55FDEC2C581F6F00053D32 /* ForecastResponse.swift */; };
		CE59F55C2C5AB66700C1882B /* WeatherDetailView.swift in Sources */ = {isa = PBXBuildFile; fileRef = CE59F55B2C5AB66700C1882B /* WeatherDetailView.swift */; };
		CE69A24A2C58177400D593AE /* AppConfig.swift in Sources */ = {isa = PBXBuildFile; fileRef = CE69A2492C58177400D593AE /* AppConfig.swift */; };
		CE69A24D2C5817C100D593AE /* WeatherService.swift in Sources */ = {isa = PBXBuildFile; fileRef = CE69A24C2C5817C100D593AE /* WeatherService.swift */; };
		CE69A24F2C58187400D593AE /* NetworkServiceProtocol.swift in Sources */ = {isa = PBXBuildFile; fileRef = CE69A24E2C58187400D593AE /* NetworkServiceProtocol.swift */; };
		CE69A2512C5818AB00D593AE /* NetworkError.swift in Sources */ = {isa = PBXBuildFile; fileRef = CE69A2502C5818AB00D593AE /* NetworkError.swift */; };
		CE69A2532C5818D700D593AE /* NetworkService.swift in Sources */ = {isa = PBXBuildFile; fileRef = CE69A2522C5818D700D593AE /* NetworkService.swift */; };
		CE69A2552C5818F700D593AE /* WeatherServiceProtocol.swift in Sources */ = {isa = PBXBuildFile; fileRef = CE69A2542C5818F700D593AE /* WeatherServiceProtocol.swift */; };
		CE9E02D72C57974900B5A40B /* weatherAppApp.swift in Sources */ = {isa = PBXBuildFile; fileRef = CE9E02D62C57974900B5A40B /* weatherAppApp.swift */; };
		CE9E02DB2C57974A00B5A40B /* Assets.xcassets in Resources */ = {isa = PBXBuildFile; fileRef = CE9E02DA2C57974A00B5A40B /* Assets.xcassets */; };
		CE9E02DE2C57974A00B5A40B /* Preview Assets.xcassets in Resources */ = {isa = PBXBuildFile; fileRef = CE9E02DD2C57974A00B5A40B /* Preview Assets.xcassets */; };
		CE9E02E52C579B3200B5A40B /* Secrets.plist in Resources */ = {isa = PBXBuildFile; fileRef = CE9E02E42C579B3200B5A40B /* Secrets.plist */; };
		CE9E02F22C57A90200B5A40B /* AppConstants.swift in Sources */ = {isa = PBXBuildFile; fileRef = CE9E02F12C57A90200B5A40B /* AppConstants.swift */; };
		CE9E02F42C57A92200B5A40B /* HTTPMethod.swift in Sources */ = {isa = PBXBuildFile; fileRef = CE9E02F32C57A92200B5A40B /* HTTPMethod.swift */; };
		CE9E02F62C57A93B00B5A40B /* Endpoint.swift in Sources */ = {isa = PBXBuildFile; fileRef = CE9E02F52C57A93B00B5A40B /* Endpoint.swift */; };
		CE9E02FB2C57F44600B5A40B /* LocationService.swift in Sources */ = {isa = PBXBuildFile; fileRef = CE9E02FA2C57F44600B5A40B /* LocationService.swift */; };
		CEECCA122C596E950004CBFA /* Unit.swift in Sources */ = {isa = PBXBuildFile; fileRef = CEECCA112C596E950004CBFA /* Unit.swift */; };
		CEECCA172C597BFC0004CBFA /* ForecastDay.swift in Sources */ = {isa = PBXBuildFile; fileRef = CEECCA162C597BFC0004CBFA /* ForecastDay.swift */; };
		CEECCA192C5982D80004CBFA /* AppConfigurator.swift in Sources */ = {isa = PBXBuildFile; fileRef = CEECCA182C5982D80004CBFA /* AppConfigurator.swift */; };
		CEECCA1B2C5985550004CBFA /* ForecastView.swift in Sources */ = {isa = PBXBuildFile; fileRef = CEECCA1A2C5985550004CBFA /* ForecastView.swift */; };
		CEECCA1F2C59EDE70004CBFA /* ForecastDayView.swift in Sources */ = {isa = PBXBuildFile; fileRef = CEECCA1E2C59EDE70004CBFA /* ForecastDayView.swift */; };
		CEECCA212C5A10360004CBFA /* Int.swift in Sources */ = {isa = PBXBuildFile; fileRef = CEECCA202C5A10360004CBFA /* Int.swift */; };
		CEF50EBB2C58196700B8311A /* CurrentWeatherResponse.swift in Sources */ = {isa = PBXBuildFile; fileRef = CEF50EBA2C58196700B8311A /* CurrentWeatherResponse.swift */; };
		CEF50EBD2C5819A900B8311A /* LocationServiceProtocol.swift in Sources */ = {isa = PBXBuildFile; fileRef = CEF50EBC2C5819A900B8311A /* LocationServiceProtocol.swift */; };
		CEF50EBF2C581ABA00B8311A /* LocationError.swift in Sources */ = {isa = PBXBuildFile; fileRef = CEF50EBE2C581ABA00B8311A /* LocationError.swift */; };
		CEF50EC12C581BF300B8311A /* Location.gpx in Resources */ = {isa = PBXBuildFile; fileRef = CEF50EC02C581BF300B8311A /* Location.gpx */; };
/* End PBXBuildFile section */

/* Begin PBXFileReference section */
		CE4184902C57F726003A8CF6 /* WeatherViewModel.swift */ = {isa = PBXFileReference; lastKnownFileType = sourcecode.swift; path = WeatherViewModel.swift; sourceTree = "<group>"; };
		CE4184922C580998003A8CF6 /* WeatherView.swift */ = {isa = PBXFileReference; lastKnownFileType = sourcecode.swift; path = WeatherView.swift; sourceTree = "<group>"; };
		CE55FDEC2C581F6F00053D32 /* ForecastResponse.swift */ = {isa = PBXFileReference; lastKnownFileType = sourcecode.swift; path = ForecastResponse.swift; sourceTree = "<group>"; };
		CE59F55B2C5AB66700C1882B /* WeatherDetailView.swift */ = {isa = PBXFileReference; lastKnownFileType = sourcecode.swift; path = WeatherDetailView.swift; sourceTree = "<group>"; };
		CE69A2492C58177400D593AE /* AppConfig.swift */ = {isa = PBXFileReference; lastKnownFileType = sourcecode.swift; path = AppConfig.swift; sourceTree = "<group>"; };
		CE69A24C2C5817C100D593AE /* WeatherService.swift */ = {isa = PBXFileReference; lastKnownFileType = sourcecode.swift; path = WeatherService.swift; sourceTree = "<group>"; };
		CE69A24E2C58187400D593AE /* NetworkServiceProtocol.swift */ = {isa = PBXFileReference; lastKnownFileType = sourcecode.swift; path = NetworkServiceProtocol.swift; sourceTree = "<group>"; };
		CE69A2502C5818AB00D593AE /* NetworkError.swift */ = {isa = PBXFileReference; lastKnownFileType = sourcecode.swift; path = NetworkError.swift; sourceTree = "<group>"; };
		CE69A2522C5818D700D593AE /* NetworkService.swift */ = {isa = PBXFileReference; lastKnownFileType = sourcecode.swift; path = NetworkService.swift; sourceTree = "<group>"; };
		CE69A2542C5818F700D593AE /* WeatherServiceProtocol.swift */ = {isa = PBXFileReference; lastKnownFileType = sourcecode.swift; path = WeatherServiceProtocol.swift; sourceTree = "<group>"; };
		CE9E02D32C57974800B5A40B /* weatherApp.app */ = {isa = PBXFileReference; explicitFileType = wrapper.application; includeInIndex = 0; path = weatherApp.app; sourceTree = BUILT_PRODUCTS_DIR; };
		CE9E02D62C57974900B5A40B /* weatherAppApp.swift */ = {isa = PBXFileReference; lastKnownFileType = sourcecode.swift; path = weatherAppApp.swift; sourceTree = "<group>"; };
		CE9E02DA2C57974A00B5A40B /* Assets.xcassets */ = {isa = PBXFileReference; lastKnownFileType = folder.assetcatalog; path = Assets.xcassets; sourceTree = "<group>"; };
		CE9E02DD2C57974A00B5A40B /* Preview Assets.xcassets */ = {isa = PBXFileReference; lastKnownFileType = folder.assetcatalog; path = "Preview Assets.xcassets"; sourceTree = "<group>"; };
		CE9E02E42C579B3200B5A40B /* Secrets.plist */ = {isa = PBXFileReference; lastKnownFileType = text.plist.xml; path = Secrets.plist; sourceTree = "<group>"; };
		CE9E02E72C579F2500B5A40B /* README.md */ = {isa = PBXFileReference; lastKnownFileType = net.daringfireball.markdown; path = README.md; sourceTree = "<group>"; };
		CE9E02F12C57A90200B5A40B /* AppConstants.swift */ = {isa = PBXFileReference; lastKnownFileType = sourcecode.swift; path = AppConstants.swift; sourceTree = "<group>"; };
		CE9E02F32C57A92200B5A40B /* HTTPMethod.swift */ = {isa = PBXFileReference; lastKnownFileType = sourcecode.swift; path = HTTPMethod.swift; sourceTree = "<group>"; };
		CE9E02F52C57A93B00B5A40B /* Endpoint.swift */ = {isa = PBXFileReference; lastKnownFileType = sourcecode.swift; path = Endpoint.swift; sourceTree = "<group>"; };
		CE9E02FA2C57F44600B5A40B /* LocationService.swift */ = {isa = PBXFileReference; lastKnownFileType = sourcecode.swift; path = LocationService.swift; sourceTree = "<group>"; };
		CE9E02FC2C57F67100B5A40B /* Info.plist */ = {isa = PBXFileReference; lastKnownFileType = text.plist; path = Info.plist; sourceTree = "<group>"; };
		CEECCA112C596E950004CBFA /* Unit.swift */ = {isa = PBXFileReference; lastKnownFileType = sourcecode.swift; path = Unit.swift; sourceTree = "<group>"; };
		CEECCA162C597BFC0004CBFA /* ForecastDay.swift */ = {isa = PBXFileReference; lastKnownFileType = sourcecode.swift; path = ForecastDay.swift; sourceTree = "<group>"; };
		CEECCA182C5982D80004CBFA /* AppConfigurator.swift */ = {isa = PBXFileReference; lastKnownFileType = sourcecode.swift; path = AppConfigurator.swift; sourceTree = "<group>"; };
		CEECCA1A2C5985550004CBFA /* ForecastView.swift */ = {isa = PBXFileReference; lastKnownFileType = sourcecode.swift; path = ForecastView.swift; sourceTree = "<group>"; };
		CEECCA1E2C59EDE70004CBFA /* ForecastDayView.swift */ = {isa = PBXFileReference; lastKnownFileType = sourcecode.swift; path = ForecastDayView.swift; sourceTree = "<group>"; };
		CEECCA202C5A10360004CBFA /* Int.swift */ = {isa = PBXFileReference; lastKnownFileType = sourcecode.swift; path = Int.swift; sourceTree = "<group>"; };
		CEF50EBA2C58196700B8311A /* CurrentWeatherResponse.swift */ = {isa = PBXFileReference; lastKnownFileType = sourcecode.swift; path = CurrentWeatherResponse.swift; sourceTree = "<group>"; };
		CEF50EBC2C5819A900B8311A /* LocationServiceProtocol.swift */ = {isa = PBXFileReference; lastKnownFileType = sourcecode.swift; path = LocationServiceProtocol.swift; sourceTree = "<group>"; };
		CEF50EBE2C581ABA00B8311A /* LocationError.swift */ = {isa = PBXFileReference; lastKnownFileType = sourcecode.swift; path = LocationError.swift; sourceTree = "<group>"; };
		CEF50EC02C581BF300B8311A /* Location.gpx */ = {isa = PBXFileReference; lastKnownFileType = text.xml; path = Location.gpx; sourceTree = "<group>"; };
/* End PBXFileReference section */

/* Begin PBXFrameworksBuildPhase section */
		CE9E02D02C57974800B5A40B /* Frameworks */ = {
			isa = PBXFrameworksBuildPhase;
			buildActionMask = 2147483647;
			files = (
			);
			runOnlyForDeploymentPostprocessing = 0;
		};
/* End PBXFrameworksBuildPhase section */

/* Begin PBXGroup section */
		CE41848F2C57F712003A8CF6 /* Weather */ = {
			isa = PBXGroup;
			children = (
				CE4184902C57F726003A8CF6 /* WeatherViewModel.swift */,
			);
			path = Weather;
			sourceTree = "<group>";
		};
		CE55FDEA2C581F2600053D32 /* CurrentWeather */ = {
			isa = PBXGroup;
			children = (
				CEF50EBA2C58196700B8311A /* CurrentWeatherResponse.swift */,
			);
			path = CurrentWeather;
			sourceTree = "<group>";
		};
		CE55FDEB2C581F3A00053D32 /* Forecast */ = {
			isa = PBXGroup;
			children = (
				CE55FDEC2C581F6F00053D32 /* ForecastResponse.swift */,
				CEECCA162C597BFC0004CBFA /* ForecastDay.swift */,
			);
			path = Forecast;
			sourceTree = "<group>";
		};
		CE69A24B2C5817B200D593AE /* Weather */ = {
			isa = PBXGroup;
			children = (
				CE69A24C2C5817C100D593AE /* WeatherService.swift */,
				CE69A2542C5818F700D593AE /* WeatherServiceProtocol.swift */,
				CEECCA112C596E950004CBFA /* Unit.swift */,
			);
			path = Weather;
			sourceTree = "<group>";
		};
		CE9E02CA2C57974800B5A40B = {
			isa = PBXGroup;
			children = (
				CE9E02E72C579F2500B5A40B /* README.md */,
				CE9E02D52C57974900B5A40B /* weatherApp */,
				CE9E02D42C57974900B5A40B /* Products */,
			);
			sourceTree = "<group>";
		};
		CE9E02D42C57974900B5A40B /* Products */ = {
			isa = PBXGroup;
			children = (
				CE9E02D32C57974800B5A40B /* weatherApp.app */,
			);
			name = Products;
			sourceTree = "<group>";
		};
		CE9E02D52C57974900B5A40B /* weatherApp */ = {
			isa = PBXGroup;
			children = (
				CE9E02FC2C57F67100B5A40B /* Info.plist */,
				CE9E02E42C579B3200B5A40B /* Secrets.plist */,
				CE9E02F02C57A88D00B5A40B /* Resources */,
				CE9E02E62C579C6700B5A40B /* App */,
				CE9E02EE2C57A87A00B5A40B /* Persistence */,
				CE9E02ED2C57A87000B5A40B /* Network */,
				CE9E02EC2C57A86900B5A40B /* Utilities */,
				CE9E02EB2C57A85F00B5A40B /* Services */,
				CE9E02EA2C57A85800B5A40B /* ViewModels */,
				CE9E02E92C57A84F00B5A40B /* Views */,
				CE9E02E82C57A84700B5A40B /* Models */,
				CE9E02EF2C57A88400B5A40B /* Constants */,
				CEECCA132C597B870004CBFA /* Extesions */,
				CE9E02DC2C57974A00B5A40B /* Preview Content */,
			);
			path = weatherApp;
			sourceTree = "<group>";
		};
		CE9E02DC2C57974A00B5A40B /* Preview Content */ = {
			isa = PBXGroup;
			children = (
				CE9E02DD2C57974A00B5A40B /* Preview Assets.xcassets */,
			);
			path = "Preview Content";
			sourceTree = "<group>";
		};
		CE9E02E62C579C6700B5A40B /* App */ = {
			isa = PBXGroup;
			children = (
				CE9E02D62C57974900B5A40B /* weatherAppApp.swift */,
				CEECCA182C5982D80004CBFA /* AppConfigurator.swift */,
			);
			path = App;
			sourceTree = "<group>";
		};
		CE9E02E82C57A84700B5A40B /* Models */ = {
			isa = PBXGroup;
			children = (
				CE55FDEB2C581F3A00053D32 /* Forecast */,
				CE55FDEA2C581F2600053D32 /* CurrentWeather */,
			);
			path = Models;
			sourceTree = "<group>";
		};
		CE9E02E92C57A84F00B5A40B /* Views */ = {
			isa = PBXGroup;
			children = (
				CE4184922C580998003A8CF6 /* WeatherView.swift */,
				CEECCA1A2C5985550004CBFA /* ForecastView.swift */,
				CEECCA1E2C59EDE70004CBFA /* ForecastDayView.swift */,
				CE59F55B2C5AB66700C1882B /* WeatherDetailView.swift */,
			);
			path = Views;
			sourceTree = "<group>";
		};
		CE9E02EA2C57A85800B5A40B /* ViewModels */ = {
			isa = PBXGroup;
			children = (
				CE41848F2C57F712003A8CF6 /* Weather */,
			);
			path = ViewModels;
			sourceTree = "<group>";
		};
		CE9E02EB2C57A85F00B5A40B /* Services */ = {
			isa = PBXGroup;
			children = (
				CE69A24B2C5817B200D593AE /* Weather */,
				CE9E02F72C57F41300B5A40B /* Location */,
			);
			path = Services;
			sourceTree = "<group>";
		};
		CE9E02EC2C57A86900B5A40B /* Utilities */ = {
			isa = PBXGroup;
			children = (
				CE69A2492C58177400D593AE /* AppConfig.swift */,
				CEF50EC02C581BF300B8311A /* Location.gpx */,
			);
			path = Utilities;
			sourceTree = "<group>";
		};
		CE9E02ED2C57A87000B5A40B /* Network */ = {
			isa = PBXGroup;
			children = (
				CE9E02F32C57A92200B5A40B /* HTTPMethod.swift */,
				CE9E02F52C57A93B00B5A40B /* Endpoint.swift */,
				CE69A24E2C58187400D593AE /* NetworkServiceProtocol.swift */,
				CE69A2502C5818AB00D593AE /* NetworkError.swift */,
				CE69A2522C5818D700D593AE /* NetworkService.swift */,
			);
			path = Network;
			sourceTree = "<group>";
		};
		CE9E02EE2C57A87A00B5A40B /* Persistence */ = {
			isa = PBXGroup;
			children = (
			);
			path = Persistence;
			sourceTree = "<group>";
		};
		CE9E02EF2C57A88400B5A40B /* Constants */ = {
			isa = PBXGroup;
			children = (
				CE9E02F12C57A90200B5A40B /* AppConstants.swift */,
			);
			path = Constants;
			sourceTree = "<group>";
		};
		CE9E02F02C57A88D00B5A40B /* Resources */ = {
			isa = PBXGroup;
			children = (
				CE9E02DA2C57974A00B5A40B /* Assets.xcassets */,
			);
			path = Resources;
			sourceTree = "<group>";
		};
		CE9E02F72C57F41300B5A40B /* Location */ = {
			isa = PBXGroup;
			children = (
				CE9E02FA2C57F44600B5A40B /* LocationService.swift */,
				CEF50EBC2C5819A900B8311A /* LocationServiceProtocol.swift */,
				CEF50EBE2C581ABA00B8311A /* LocationError.swift */,
			);
			path = Location;
			sourceTree = "<group>";
		};
		CEECCA132C597B870004CBFA /* Extesions */ = {
			isa = PBXGroup;
			children = (
				CEECCA202C5A10360004CBFA /* Int.swift */,
			);
			path = Extesions;
			sourceTree = "<group>";
		};
/* End PBXGroup section */

/* Begin PBXNativeTarget section */
		CE9E02D22C57974800B5A40B /* weatherApp */ = {
			isa = PBXNativeTarget;
			buildConfigurationList = CE9E02E12C57974A00B5A40B /* Build configuration list for PBXNativeTarget "weatherApp" */;
			buildPhases = (
				CE9E02CF2C57974800B5A40B /* Sources */,
				CE9E02D02C57974800B5A40B /* Frameworks */,
				CE9E02D12C57974800B5A40B /* Resources */,
			);
			buildRules = (
			);
			dependencies = (
			);
			name = weatherApp;
			productName = weatherApp;
			productReference = CE9E02D32C57974800B5A40B /* weatherApp.app */;
			productType = "com.apple.product-type.application";
		};
/* End PBXNativeTarget section */

/* Begin PBXProject section */
		CE9E02CB2C57974800B5A40B /* Project object */ = {
			isa = PBXProject;
			attributes = {
				BuildIndependentTargetsInParallel = 1;
				LastSwiftUpdateCheck = 1540;
				LastUpgradeCheck = 1540;
				TargetAttributes = {
					CE9E02D22C57974800B5A40B = {
						CreatedOnToolsVersion = 15.4;
					};
				};
			};
			buildConfigurationList = CE9E02CE2C57974800B5A40B /* Build configuration list for PBXProject "weatherApp" */;
			compatibilityVersion = "Xcode 14.0";
			developmentRegion = en;
			hasScannedForEncodings = 0;
			knownRegions = (
				en,
				Base,
			);
			mainGroup = CE9E02CA2C57974800B5A40B;
			productRefGroup = CE9E02D42C57974900B5A40B /* Products */;
			projectDirPath = "";
			projectRoot = "";
			targets = (
				CE9E02D22C57974800B5A40B /* weatherApp */,
			);
		};
/* End PBXProject section */

/* Begin PBXResourcesBuildPhase section */
		CE9E02D12C57974800B5A40B /* Resources */ = {
			isa = PBXResourcesBuildPhase;
			buildActionMask = 2147483647;
			files = (
				CE9E02E52C579B3200B5A40B /* Secrets.plist in Resources */,
				CE9E02DE2C57974A00B5A40B /* Preview Assets.xcassets in Resources */,
				CEF50EC12C581BF300B8311A /* Location.gpx in Resources */,
				CE9E02DB2C57974A00B5A40B /* Assets.xcassets in Resources */,
			);
			runOnlyForDeploymentPostprocessing = 0;
		};
/* End PBXResourcesBuildPhase section */

/* Begin PBXSourcesBuildPhase section */
		CE9E02CF2C57974800B5A40B /* Sources */ = {
			isa = PBXSourcesBuildPhase;
			buildActionMask = 2147483647;
			files = (
				CE59F55C2C5AB66700C1882B /* WeatherDetailView.swift in Sources */,
				CE9E02D72C57974900B5A40B /* weatherAppApp.swift in Sources */,
				CEF50EBF2C581ABA00B8311A /* LocationError.swift in Sources */,
				CE55FDED2C581F6F00053D32 /* ForecastResponse.swift in Sources */,
				CE69A24D2C5817C100D593AE /* WeatherService.swift in Sources */,
				CE69A24A2C58177400D593AE /* AppConfig.swift in Sources */,
				CEF50EBB2C58196700B8311A /* CurrentWeatherResponse.swift in Sources */,
				CEECCA1F2C59EDE70004CBFA /* ForecastDayView.swift in Sources */,
				CEF50EBD2C5819A900B8311A /* LocationServiceProtocol.swift in Sources */,
				CEECCA122C596E950004CBFA /* Unit.swift in Sources */,
				CEECCA172C597BFC0004CBFA /* ForecastDay.swift in Sources */,
				CEECCA1B2C5985550004CBFA /* ForecastView.swift in Sources */,
				CE9E02F22C57A90200B5A40B /* AppConstants.swift in Sources */,
				CE69A24F2C58187400D593AE /* NetworkServiceProtocol.swift in Sources */,
				CE69A2552C5818F700D593AE /* WeatherServiceProtocol.swift in Sources */,
				CE9E02F62C57A93B00B5A40B /* Endpoint.swift in Sources */,
				CEECCA192C5982D80004CBFA /* AppConfigurator.swift in Sources */,
				CE4184912C57F726003A8CF6 /* WeatherViewModel.swift in Sources */,
				CE9E02F42C57A92200B5A40B /* HTTPMethod.swift in Sources */,
				CE9E02FB2C57F44600B5A40B /* LocationService.swift in Sources */,
				CE69A2512C5818AB00D593AE /* NetworkError.swift in Sources */,
				CEECCA212C5A10360004CBFA /* Int.swift in Sources */,
				CE69A2532C5818D700D593AE /* NetworkService.swift in Sources */,
				CE4184932C580998003A8CF6 /* WeatherView.swift in Sources */,
			);
			runOnlyForDeploymentPostprocessing = 0;
		};
/* End PBXSourcesBuildPhase section */

/* Begin XCBuildConfiguration section */
		CE9E02DF2C57974A00B5A40B /* Debug */ = {
			isa = XCBuildConfiguration;
			buildSettings = {
				ALWAYS_SEARCH_USER_PATHS = NO;
				ASSETCATALOG_COMPILER_GENERATE_SWIFT_ASSET_SYMBOL_EXTENSIONS = YES;
				CLANG_ANALYZER_NONNULL = YES;
				CLANG_ANALYZER_NUMBER_OBJECT_CONVERSION = YES_AGGRESSIVE;
				CLANG_CXX_LANGUAGE_STANDARD = "gnu++20";
				CLANG_ENABLE_MODULES = YES;
				CLANG_ENABLE_OBJC_ARC = YES;
				CLANG_ENABLE_OBJC_WEAK = YES;
				CLANG_WARN_BLOCK_CAPTURE_AUTORELEASING = YES;
				CLANG_WARN_BOOL_CONVERSION = YES;
				CLANG_WARN_COMMA = YES;
				CLANG_WARN_CONSTANT_CONVERSION = YES;
				CLANG_WARN_DEPRECATED_OBJC_IMPLEMENTATIONS = YES;
				CLANG_WARN_DIRECT_OBJC_ISA_USAGE = YES_ERROR;
				CLANG_WARN_DOCUMENTATION_COMMENTS = YES;
				CLANG_WARN_EMPTY_BODY = YES;
				CLANG_WARN_ENUM_CONVERSION = YES;
				CLANG_WARN_INFINITE_RECURSION = YES;
				CLANG_WARN_INT_CONVERSION = YES;
				CLANG_WARN_NON_LITERAL_NULL_CONVERSION = YES;
				CLANG_WARN_OBJC_IMPLICIT_RETAIN_SELF = YES;
				CLANG_WARN_OBJC_LITERAL_CONVERSION = YES;
				CLANG_WARN_OBJC_ROOT_CLASS = YES_ERROR;
				CLANG_WARN_QUOTED_INCLUDE_IN_FRAMEWORK_HEADER = YES;
				CLANG_WARN_RANGE_LOOP_ANALYSIS = YES;
				CLANG_WARN_STRICT_PROTOTYPES = YES;
				CLANG_WARN_SUSPICIOUS_MOVE = YES;
				CLANG_WARN_UNGUARDED_AVAILABILITY = YES_AGGRESSIVE;
				CLANG_WARN_UNREACHABLE_CODE = YES;
				CLANG_WARN__DUPLICATE_METHOD_MATCH = YES;
				COPY_PHASE_STRIP = NO;
				DEBUG_INFORMATION_FORMAT = dwarf;
				ENABLE_STRICT_OBJC_MSGSEND = YES;
				ENABLE_TESTABILITY = YES;
				ENABLE_USER_SCRIPT_SANDBOXING = YES;
				GCC_C_LANGUAGE_STANDARD = gnu17;
				GCC_DYNAMIC_NO_PIC = NO;
				GCC_NO_COMMON_BLOCKS = YES;
				GCC_OPTIMIZATION_LEVEL = 0;
				GCC_PREPROCESSOR_DEFINITIONS = (
					"DEBUG=1",
					"$(inherited)",
				);
				GCC_WARN_64_TO_32_BIT_CONVERSION = YES;
				GCC_WARN_ABOUT_RETURN_TYPE = YES_ERROR;
				GCC_WARN_UNDECLARED_SELECTOR = YES;
				GCC_WARN_UNINITIALIZED_AUTOS = YES_AGGRESSIVE;
				GCC_WARN_UNUSED_FUNCTION = YES;
				GCC_WARN_UNUSED_VARIABLE = YES;
				IPHONEOS_DEPLOYMENT_TARGET = 15.6;
				LOCALIZATION_PREFERS_STRING_CATALOGS = YES;
				MTL_ENABLE_DEBUG_INFO = INCLUDE_SOURCE;
				MTL_FAST_MATH = YES;
				ONLY_ACTIVE_ARCH = YES;
				SDKROOT = iphoneos;
				SWIFT_ACTIVE_COMPILATION_CONDITIONS = "DEBUG $(inherited)";
				SWIFT_OPTIMIZATION_LEVEL = "-Onone";
			};
			name = Debug;
		};
		CE9E02E02C57974A00B5A40B /* Release */ = {
			isa = XCBuildConfiguration;
			buildSettings = {
				ALWAYS_SEARCH_USER_PATHS = NO;
				ASSETCATALOG_COMPILER_GENERATE_SWIFT_ASSET_SYMBOL_EXTENSIONS = YES;
				CLANG_ANALYZER_NONNULL = YES;
				CLANG_ANALYZER_NUMBER_OBJECT_CONVERSION = YES_AGGRESSIVE;
				CLANG_CXX_LANGUAGE_STANDARD = "gnu++20";
				CLANG_ENABLE_MODULES = YES;
				CLANG_ENABLE_OBJC_ARC = YES;
				CLANG_ENABLE_OBJC_WEAK = YES;
				CLANG_WARN_BLOCK_CAPTURE_AUTORELEASING = YES;
				CLANG_WARN_BOOL_CONVERSION = YES;
				CLANG_WARN_COMMA = YES;
				CLANG_WARN_CONSTANT_CONVERSION = YES;
				CLANG_WARN_DEPRECATED_OBJC_IMPLEMENTATIONS = YES;
				CLANG_WARN_DIRECT_OBJC_ISA_USAGE = YES_ERROR;
				CLANG_WARN_DOCUMENTATION_COMMENTS = YES;
				CLANG_WARN_EMPTY_BODY = YES;
				CLANG_WARN_ENUM_CONVERSION = YES;
				CLANG_WARN_INFINITE_RECURSION = YES;
				CLANG_WARN_INT_CONVERSION = YES;
				CLANG_WARN_NON_LITERAL_NULL_CONVERSION = YES;
				CLANG_WARN_OBJC_IMPLICIT_RETAIN_SELF = YES;
				CLANG_WARN_OBJC_LITERAL_CONVERSION = YES;
				CLANG_WARN_OBJC_ROOT_CLASS = YES_ERROR;
				CLANG_WARN_QUOTED_INCLUDE_IN_FRAMEWORK_HEADER = YES;
				CLANG_WARN_RANGE_LOOP_ANALYSIS = YES;
				CLANG_WARN_STRICT_PROTOTYPES = YES;
				CLANG_WARN_SUSPICIOUS_MOVE = YES;
				CLANG_WARN_UNGUARDED_AVAILABILITY = YES_AGGRESSIVE;
				CLANG_WARN_UNREACHABLE_CODE = YES;
				CLANG_WARN__DUPLICATE_METHOD_MATCH = YES;
				COPY_PHASE_STRIP = NO;
				DEBUG_INFORMATION_FORMAT = "dwarf-with-dsym";
				ENABLE_NS_ASSERTIONS = NO;
				ENABLE_STRICT_OBJC_MSGSEND = YES;
				ENABLE_USER_SCRIPT_SANDBOXING = YES;
				GCC_C_LANGUAGE_STANDARD = gnu17;
				GCC_NO_COMMON_BLOCKS = YES;
				GCC_WARN_64_TO_32_BIT_CONVERSION = YES;
				GCC_WARN_ABOUT_RETURN_TYPE = YES_ERROR;
				GCC_WARN_UNDECLARED_SELECTOR = YES;
				GCC_WARN_UNINITIALIZED_AUTOS = YES_AGGRESSIVE;
				GCC_WARN_UNUSED_FUNCTION = YES;
				GCC_WARN_UNUSED_VARIABLE = YES;
				IPHONEOS_DEPLOYMENT_TARGET = 15.6;
				LOCALIZATION_PREFERS_STRING_CATALOGS = YES;
				MTL_ENABLE_DEBUG_INFO = NO;
				MTL_FAST_MATH = YES;
				SDKROOT = iphoneos;
				SWIFT_COMPILATION_MODE = wholemodule;
				VALIDATE_PRODUCT = YES;
			};
			name = Release;
		};
		CE9E02E22C57974A00B5A40B /* Debug */ = {
			isa = XCBuildConfiguration;
			buildSettings = {
				ASSETCATALOG_COMPILER_APPICON_NAME = AppIcon;
				ASSETCATALOG_COMPILER_GLOBAL_ACCENT_COLOR_NAME = AccentColor;
				CODE_SIGN_STYLE = Automatic;
				CURRENT_PROJECT_VERSION = 1;
				DEVELOPMENT_ASSET_PATHS = "\"weatherApp/Preview Content\"";
				DEVELOPMENT_TEAM = NP36B7ZR3N;
				ENABLE_PREVIEWS = YES;
				GENERATE_INFOPLIST_FILE = YES;
				INFOPLIST_FILE = weatherApp/Info.plist;
				INFOPLIST_KEY_CFBundleDisplayName = "Weather App";
				INFOPLIST_KEY_NSLocationWhenInUseUsageDescription = "App needs your location to provide weather updates.";
				INFOPLIST_KEY_UIApplicationSceneManifest_Generation = YES;
				INFOPLIST_KEY_UIApplicationSupportsIndirectInputEvents = YES;
				INFOPLIST_KEY_UILaunchScreen_Generation = YES;
				INFOPLIST_KEY_UISupportedInterfaceOrientations = UIInterfaceOrientationPortrait;
				INFOPLIST_KEY_UISupportedInterfaceOrientations_iPad = "UIInterfaceOrientationLandscapeLeft UIInterfaceOrientationLandscapeRight UIInterfaceOrientationPortrait UIInterfaceOrientationPortraitUpsideDown";
				IPHONEOS_DEPLOYMENT_TARGET = 15.6;
				LD_RUNPATH_SEARCH_PATHS = (
					"$(inherited)",
					"@executable_path/Frameworks",
				);
				MARKETING_VERSION = 1.0;
				PRODUCT_BUNDLE_IDENTIFIER = co.lhr.eather.www.weatherApp;
				PRODUCT_NAME = "$(TARGET_NAME)";
				SUPPORTED_PLATFORMS = "iphoneos iphonesimulator";
				SUPPORTS_MACCATALYST = NO;
				SUPPORTS_MAC_DESIGNED_FOR_IPHONE_IPAD = NO;
				SUPPORTS_XR_DESIGNED_FOR_IPHONE_IPAD = NO;
				SWIFT_EMIT_LOC_STRINGS = YES;
				SWIFT_VERSION = 5.0;
				TARGETED_DEVICE_FAMILY = 1;
			};
			name = Debug;
		};
		CE9E02E32C57974A00B5A40B /* Release */ = {
			isa = XCBuildConfiguration;
			buildSettings = {
				ASSETCATALOG_COMPILER_APPICON_NAME = AppIcon;
				ASSETCATALOG_COMPILER_GLOBAL_ACCENT_COLOR_NAME = AccentColor;
				CODE_SIGN_STYLE = Automatic;
				CURRENT_PROJECT_VERSION = 1;
				DEVELOPMENT_ASSET_PATHS = "\"weatherApp/Preview Content\"";
				DEVELOPMENT_TEAM = NP36B7ZR3N;
				ENABLE_PREVIEWS = YES;
				GENERATE_INFOPLIST_FILE = YES;
				INFOPLIST_FILE = weatherApp/Info.plist;
				INFOPLIST_KEY_CFBundleDisplayName = "Weather App";
				INFOPLIST_KEY_NSLocationWhenInUseUsageDescription = "App needs your location to provide weather updates.";
				INFOPLIST_KEY_UIApplicationSceneManifest_Generation = YES;
				INFOPLIST_KEY_UIApplicationSupportsIndirectInputEvents = YES;
				INFOPLIST_KEY_UILaunchScreen_Generation = YES;
				INFOPLIST_KEY_UISupportedInterfaceOrientations = UIInterfaceOrientationPortrait;
				INFOPLIST_KEY_UISupportedInterfaceOrientations_iPad = "UIInterfaceOrientationLandscapeLeft UIInterfaceOrientationLandscapeRight UIInterfaceOrientationPortrait UIInterfaceOrientationPortraitUpsideDown";
				IPHONEOS_DEPLOYMENT_TARGET = 15.6;
				LD_RUNPATH_SEARCH_PATHS = (
					"$(inherited)",
					"@executable_path/Frameworks",
				);
				MARKETING_VERSION = 1.0;
				PRODUCT_BUNDLE_IDENTIFIER = co.lhr.eather.www.weatherApp;
				PRODUCT_NAME = "$(TARGET_NAME)";
				SUPPORTED_PLATFORMS = "iphoneos iphonesimulator";
				SUPPORTS_MACCATALYST = NO;
				SUPPORTS_MAC_DESIGNED_FOR_IPHONE_IPAD = NO;
				SUPPORTS_XR_DESIGNED_FOR_IPHONE_IPAD = NO;
				SWIFT_EMIT_LOC_STRINGS = YES;
				SWIFT_VERSION = 5.0;
				TARGETED_DEVICE_FAMILY = 1;
			};
			name = Release;
		};
/* End XCBuildConfiguration section */

/* Begin XCConfigurationList section */
		CE9E02CE2C57974800B5A40B /* Build configuration list for PBXProject "weatherApp" */ = {
			isa = XCConfigurationList;
			buildConfigurations = (
				CE9E02DF2C57974A00B5A40B /* Debug */,
				CE9E02E02C57974A00B5A40B /* Release */,
			);
			defaultConfigurationIsVisible = 0;
			defaultConfigurationName = Release;
		};
		CE9E02E12C57974A00B5A40B /* Build configuration list for PBXNativeTarget "weatherApp" */ = {
			isa = XCConfigurationList;
			buildConfigurations = (
				CE9E02E22C57974A00B5A40B /* Debug */,
				CE9E02E32C57974A00B5A40B /* Release */,
			);
			defaultConfigurationIsVisible = 0;
			defaultConfigurationName = Release;
		};
/* End XCConfigurationList section */
	};
	rootObject = CE9E02CB2C57974800B5A40B /* Project object */;
}
